# This file is autogenerated, do not edit; changes may be undone by the next 'dep ensure'.


[[projects]]
  branch = "master"
  digest = "1:0b5b4602d1dc9edd55bad77210c3e5596217b05e7c3570d3a4588ffd8d980730"
  name = "github.com/ben-han-cn/cement"
  packages = [
    "shell",
    "slice",
    "stringtool",
    "unittest",
    "uuid",
  ]
  pruneopts = "UT"
  revision = "0d3787ede8c13fc1dbd0a6d655cbfb2f12dfed95"

[[projects]]
  branch = "master"
  digest = "1:06ed3272e2af4498498b41e23103ceec8ad788a1000933f0c9121ce817b9b44a"
  name = "github.com/ben-han-cn/g53"
  packages = [
    ".",
    "util",
  ]
  pruneopts = "UT"
  revision = "b8e4d3dc3e3b7c3d9dfc5f2b49c0bc61eb5047e2"

[[projects]]
  branch = "master"
  digest = "1:8a7d02528486c974df5aede0e3f21d20e70d944561974915f9e63cb8673c5ec6"
  name = "github.com/ben-han-cn/gorest"
  packages = [
    ".",
    "adaptor",
    "error",
    "resource",
    "resource/schema",
    "resource/schema/resourcefield",
    "util",
  ]
  pruneopts = "UT"
  revision = "93ebecd771ba63aa67e72f842bf758bf3b7efa15"

[[projects]]
  branch = "master"
  digest = "1:f050d627780c1ceae42b17491bd6d2edfcbb78041a5f44ca0087df55c1ae2ddf"
  name = "github.com/ben-han-cn/kvzoo"
  packages = [
    ".",
    "backend/bolt",
  ]
  pruneopts = "UT"
  revision = "5dc1198904afeae99559059964442e3837b62858"

[[projects]]
  branch = "master"
  digest = "1:965fa961ce7d2a2b0586ff1510c7268d9a8db78c0f08e15c3510ce7cceb963a9"
  name = "github.com/boltdb/bolt"
  packages = ["."]
  pruneopts = "UT"
  revision = "fd01fc79c553a8e99d512a07e8e0c63d4a3ccfc5"

[[projects]]
  digest = "1:3ee1d175a75b911a659fbd860060874c4f503e793c5870d13e5a0ede529a63cf"
  name = "github.com/gin-contrib/sse"
  packages = ["."]
  pruneopts = "UT"
  revision = "54d8467d122d380a14768b6b4e5cd7ca4755938f"
  version = "v0.1.0"

[[projects]]
  digest = "1:d8bd2a337f6ff2188e08f72c614f2f3f0fd48e6a7b37a071b197e427d77d3a47"
  name = "github.com/gin-gonic/gin"
  packages = [
    ".",
    "binding",
    "internal/json",
    "render",
  ]
  pruneopts = "UT"
  revision = "b75d67cd51eb53c3c3a2fc406524c940021ffbda"
  version = "v1.4.0"

[[projects]]
  digest = "1:f5ce1529abc1204444ec73779f44f94e2fa8fcdb7aca3c355b0c95947e4005c6"
  name = "github.com/golang/protobuf"
  packages = [
    "proto",
    "ptypes",
    "ptypes/any",
    "ptypes/duration",
    "ptypes/timestamp",
  ]
  pruneopts = "UT"
  revision = "6c65a5562fc06764971b7c5d05c76c75e84bdbf7"
  version = "v1.3.2"

[[projects]]
  branch = "master"
  digest = "1:da9478c5e301d3ef973ce49c248e92bee763c827b0f72887a510267041ea0603"
  name = "github.com/insomniacslk/dhcp"
  packages = [
    "dhcpv4",
    "dhcpv6",
    "iana",
    "interfaces",
    "rfc1035label",
  ]
  pruneopts = "UT"
  revision = "c058740140122368226eaaf7debce03c376e6ae8"

[[projects]]
  digest = "1:beb5b4f42a25056f0aa291b5eadd21e2f2903a05d15dfe7caf7eaee7e12fa972"
  name = "github.com/json-iterator/go"
  packages = ["."]
  pruneopts = "UT"
  revision = "03217c3e97663914aec3faafde50d081f197a0a2"
  version = "v1.1.8"

[[projects]]
  digest = "1:31e761d97c76151dde79e9d28964a812c46efc5baee4085b86f68f0c654450de"
  name = "github.com/konsorten/go-windows-terminal-sequences"
  packages = ["."]
  pruneopts = "UT"
  revision = "f55edac94c9bbba5d6182a4be46d86a2c9b5b50e"
  version = "v1.0.2"

[[projects]]
  digest = "1:d62282425ffb75047679d7e2c3b980eea7f82c05ef5fb9142ee617ebac6e7432"
  name = "github.com/mattn/go-isatty"
  packages = ["."]
  pruneopts = "UT"
  revision = "88ba11cfdc67c7588b30042edf244b2875f892b6"
  version = "v0.0.10"

[[projects]]
  digest = "1:33422d238f147d247752996a26574ac48dcf472976eda7f5134015f06bf16563"
  name = "github.com/modern-go/concurrent"
  packages = ["."]
  pruneopts = "UT"
  revision = "bacd9c7ef1dd9b15be4a9909b8ac7a4e313eec94"
  version = "1.0.3"

[[projects]]
  digest = "1:e32bdbdb7c377a07a9a46378290059822efdce5c8d96fe71940d87cb4f918855"
  name = "github.com/modern-go/reflect2"
  packages = ["."]
  pruneopts = "UT"
  revision = "4b7aa43c6742a2c18fdef89dd197aaae7dac7ccd"
  version = "1.0.1"

[[projects]]
  digest = "1:90c46bfc05873658e35df09db29aeb98b988d98efd732331e7ddb4bf941c3627"
  name = "github.com/segmentio/kafka-go"
  packages = [
    ".",
    "sasl",
  ]
  pruneopts = "UT"
  revision = "80057ad8a16187e6bb557b5e6faa08da52c45d9a"
  version = "v0.3.4"

[[projects]]
  digest = "1:04457f9f6f3ffc5fea48e71d62f2ca256637dee0a04d710288e27e05c8b41976"
  name = "github.com/sirupsen/logrus"
  packages = ["."]
  pruneopts = "UT"
  revision = "839c75faf7f98a33d445d181f3018b5c3409a45e"
  version = "v1.4.2"

[[projects]]
  digest = "1:57e2d33a793e5841f1e069f2cbb642a06e421b17edae7ee7c27cb2df861295be"
  name = "github.com/u-root/u-root"
  packages = [
    "pkg/rand",
    "pkg/ubinary",
    "pkg/uio",
  ]
  pruneopts = "UT"
  revision = "26a90287872f42e357dc889f6918855fc0fde4dc"
  version = "v6.0.0"

[[projects]]
  digest = "1:5a1cf4e370bc86137b58da2ae065e76526d32b11f62a7665f36dbd5f41fa95ff"
  name = "github.com/ugorji/go"
  packages = ["codec"]
  pruneopts = "UT"
  revision = "23ab95ef5dc3b70286760af84ce2327a2b64ed62"
  version = "v1.1.7"

[[projects]]
  branch = "master"
  digest = "1:fba9dda21242444d0026be1f0800ae476eff471eff51ac66b61f5d8058bde714"
  name = "github.com/zdnscloud/cement"
  packages = ["randomdata"]
  pruneopts = "UT"
  revision = "e70d68aebdadfacf1a5168fb29b1f5554f977966"

[[projects]]
  branch = "master"
  digest = "1:8d2e6c9bd8e4b510b2f3cc4100ae18bfbd2f9dd78013097b00e725b48695f5f0"
  name = "golang.org/x/net"
  packages = [
    "http/httpguts",
    "http2",
    "http2/hpack",
    "idna",
    "internal/timeseries",
    "trace",
  ]
  pruneopts = "UT"
  revision = "fc4aabc6c91483155dade6fbb627cc953a723260"

[[projects]]
  branch = "master"
  digest = "1:fc96eb481f72e9a5edeb4bb3f3610d3b9384c036f7c1e39f8c0dedff23d0c34d"
  name = "golang.org/x/sys"
  packages = ["unix"]
  pruneopts = "UT"
  revision = "6bfc516c8699a01fce75e51d680e03b80d068f24"

[[projects]]
  digest = "1:8d8faad6b12a3a4c819a3f9618cb6ee1fa1cfc33253abeeea8b55336721e3405"
  name = "golang.org/x/text"
  packages = [
    "collate",
    "collate/build",
    "internal/colltab",
    "internal/gen",
    "internal/language",
    "internal/language/compact",
    "internal/tag",
    "internal/triegen",
    "internal/ucd",
    "language",
    "secure/bidirule",
    "transform",
    "unicode/bidi",
    "unicode/cldr",
    "unicode/norm",
    "unicode/rangetable",
  ]
  pruneopts = "UT"
  revision = "342b2e1fbaa52c93f31447ad2c6abc048c63e475"
  version = "v0.3.2"

[[projects]]
  branch = "master"
  digest = "1:583a0c80f5e3a9343d33aea4aead1e1afcc0043db66fdf961ddd1fe8cd3a4faf"
  name = "google.golang.org/genproto"
  packages = ["googleapis/rpc/status"]
  pruneopts = "UT"
  revision = "83cc0476cb11ea0da33dacd4c6354ab192de6fe6"

[[projects]]
  digest = "1:b59ce3ddb11daeeccccc9cb3183b58ebf8e9a779f1c853308cd91612e817a301"
  name = "google.golang.org/grpc"
  packages = [
    ".",
    "backoff",
    "balancer",
    "balancer/base",
    "balancer/roundrobin",
    "binarylog/grpc_binarylog_v1",
    "codes",
    "connectivity",
    "credentials",
    "credentials/internal",
    "encoding",
    "encoding/proto",
    "grpclog",
    "internal",
    "internal/backoff",
    "internal/balancerload",
    "internal/binarylog",
    "internal/buffer",
    "internal/channelz",
    "internal/envconfig",
    "internal/grpcrand",
    "internal/grpcsync",
    "internal/resolver/dns",
    "internal/resolver/passthrough",
    "internal/syscall",
    "internal/transport",
    "keepalive",
    "metadata",
    "naming",
    "peer",
    "resolver",
    "serviceconfig",
    "stats",
    "status",
    "tap",
  ]
  pruneopts = "UT"
  revision = "1a3960e4bd028ac0cec0a2afd27d7d8e67c11514"
  version = "v1.25.1"

[[projects]]
  digest = "1:cbc72c4c4886a918d6ab4b95e347ffe259846260f99ebdd8a198c2331cf2b2e9"
  name = "gopkg.in/go-playground/validator.v8"
  packages = ["."]
  pruneopts = "UT"
  revision = "5f1438d3fca68893a817e4a66806cea46a9e4ebf"
  version = "v8.18.2"

[[projects]]
  digest = "1:b75b3deb2bce8bc079e16bb2aecfe01eb80098f5650f9e93e5643ca8b7b73737"
  name = "gopkg.in/yaml.v2"
  packages = ["."]
  pruneopts = "UT"
  revision = "1f64d6156d11335c3f22d9330b0ad14fc1e789ce"
  version = "v2.2.7"

[solve-meta]
  analyzer-name = "dep"
  analyzer-version = 1
  input-imports = [
    "github.com/ben-han-cn/cement/shell",
    "github.com/ben-han-cn/cement/slice",
    "github.com/ben-han-cn/cement/stringtool",
    "github.com/ben-han-cn/cement/unittest",
    "github.com/ben-han-cn/g53",
    "github.com/ben-han-cn/gorest",
    "github.com/ben-han-cn/gorest/adaptor",
    "github.com/ben-han-cn/gorest/error",
    "github.com/ben-han-cn/gorest/resource",
    "github.com/ben-han-cn/gorest/resource/schema",
    "github.com/ben-han-cn/kvzoo",
    "github.com/ben-han-cn/kvzoo/backend/bolt",
    "github.com/insomniacslk/dhcp/dhcpv4",
    "github.com/insomniacslk/dhcp/dhcpv6",
    "github.com/segmentio/kafka-go",
    "github.com/sirupsen/logrus",
    "google.golang.org/grpc",
  ]
  solver-name = "gps-cdcl"
  solver-version = 1
