# This file is autogenerated, do not edit; changes may be undone by the next 'dep ensure'.


[[projects]]
  branch = "master"
  digest = "1:e51d656dcac5ff7600b80f356574b9fe50527caf0b898c9bd5cb2fd30ddced21"
  name = "github.com/ben-han-cn/cement"
  packages = [
    "shell",
    "slice",
    "stringtool",
    "unittest",
  ]
  pruneopts = "UT"
  revision = "ea8b889a2ecc64b860a03ede307718172d32ca71"

[[projects]]
  branch = "master"
  digest = "1:00b776dddc63c4ad451b2480eab36edb64770759324a5e8b07dd4c3f6571056a"
  name = "github.com/ben-han-cn/g53"
  packages = [
    ".",
    "util",
  ]
  pruneopts = "UT"
  revision = "7b2b968c7aaf9048384ac9539d8f4c917a74701a"

[[projects]]
  branch = "master"
  digest = "1:adbaa184ac18a6b985a83ce3a05deae502e5dd4a7ffd16cbe839bb008774f3dc"
  name = "github.com/insomniacslk/dhcp"
  packages = [
    "dhcpv4",
    "dhcpv6",
    "iana",
    "interfaces",
    "rfc1035label",
  ]
  pruneopts = "UT"
  revision = "fe3f5c4e2b53c09c4796523e24addf25568256d5"

[[projects]]
  digest = "1:31e761d97c76151dde79e9d28964a812c46efc5baee4085b86f68f0c654450de"
  name = "github.com/konsorten/go-windows-terminal-sequences"
  packages = ["."]
  pruneopts = "UT"
  revision = "f55edac94c9bbba5d6182a4be46d86a2c9b5b50e"
  version = "v1.0.2"

[[projects]]
  digest = "1:04457f9f6f3ffc5fea48e71d62f2ca256637dee0a04d710288e27e05c8b41976"
  name = "github.com/sirupsen/logrus"
  packages = ["."]
  pruneopts = "UT"
  revision = "839c75faf7f98a33d445d181f3018b5c3409a45e"
  version = "v1.4.2"

[[projects]]
  digest = "1:57e2d33a793e5841f1e069f2cbb642a06e421b17edae7ee7c27cb2df861295be"
  name = "github.com/u-root/u-root"
  packages = [
    "pkg/rand",
    "pkg/ubinary",
    "pkg/uio",
  ]
  pruneopts = "UT"
  revision = "26a90287872f42e357dc889f6918855fc0fde4dc"
  version = "v6.0.0"

[[projects]]
  branch = "master"
  digest = "1:56068728488986584e5a2f3576cb84d52bad7ec7fbe63a14b0d3b26bfdb41b8b"
  name = "golang.org/x/sys"
  packages = ["unix"]
  pruneopts = "UT"
  revision = "53bf42e6b339f7ed00535fc6915737b3959eac89"

[solve-meta]
  analyzer-name = "dep"
  analyzer-version = 1
  input-imports = [
    "github.com/ben-han-cn/cement/shell",
    "github.com/ben-han-cn/cement/slice",
    "github.com/ben-han-cn/cement/stringtool",
    "github.com/ben-han-cn/cement/unittest",
    "github.com/ben-han-cn/g53",
    "github.com/insomniacslk/dhcp/dhcpv4",
    "github.com/insomniacslk/dhcp/dhcpv6",
    "github.com/sirupsen/logrus",
  ]
  solver-name = "gps-cdcl"
  solver-version = 1
