# This file is autogenerated, do not edit; changes may be undone by the next 'dep ensure'.


[[projects]]
  branch = "master"
  digest = "1:d69557bb6c74a231e2eca1b1a956f0349fb25c7ccc1bae7bf31c4cab5209e059"
  name = "github.com/ben-han-cn/cement"
  packages = [
    "randomdata",
    "shell",
    "slice",
    "stringtool",
    "unittest",
  ]
  pruneopts = "UT"
  revision = "d922e34cc396f7509658cd72b8952990e22bb37c"

[[projects]]
  branch = "master"
  digest = "1:8ecc7e8d289a2e1842136557bcb74122427e79d8b344f941a48fe426d5a71fc5"
  name = "github.com/ben-han-cn/g53"
  packages = [
    ".",
    "util",
  ]
  pruneopts = "UT"
  revision = "d8b9b09c5327d920d8b9d21b2ebdf738888901a4"

[[projects]]
  branch = "master"
  digest = "1:adbaa184ac18a6b985a83ce3a05deae502e5dd4a7ffd16cbe839bb008774f3dc"
  name = "github.com/insomniacslk/dhcp"
  packages = [
    "dhcpv4",
    "dhcpv6",
    "iana",
    "interfaces",
    "rfc1035label",
  ]
  pruneopts = "UT"
  revision = "fe3f5c4e2b53c09c4796523e24addf25568256d5"

[[projects]]
  digest = "1:31e761d97c76151dde79e9d28964a812c46efc5baee4085b86f68f0c654450de"
  name = "github.com/konsorten/go-windows-terminal-sequences"
  packages = ["."]
  pruneopts = "UT"
  revision = "f55edac94c9bbba5d6182a4be46d86a2c9b5b50e"
  version = "v1.0.2"

[[projects]]
  digest = "1:90c46bfc05873658e35df09db29aeb98b988d98efd732331e7ddb4bf941c3627"
  name = "github.com/segmentio/kafka-go"
  packages = [
    ".",
    "sasl",
  ]
  pruneopts = "UT"
  revision = "80057ad8a16187e6bb557b5e6faa08da52c45d9a"
  version = "v0.3.4"

[[projects]]
  digest = "1:04457f9f6f3ffc5fea48e71d62f2ca256637dee0a04d710288e27e05c8b41976"
  name = "github.com/sirupsen/logrus"
  packages = ["."]
  pruneopts = "UT"
  revision = "839c75faf7f98a33d445d181f3018b5c3409a45e"
  version = "v1.4.2"

[[projects]]
  digest = "1:57e2d33a793e5841f1e069f2cbb642a06e421b17edae7ee7c27cb2df861295be"
  name = "github.com/u-root/u-root"
  packages = [
    "pkg/rand",
    "pkg/ubinary",
    "pkg/uio",
  ]
  pruneopts = "UT"
  revision = "26a90287872f42e357dc889f6918855fc0fde4dc"
  version = "v6.0.0"

[[projects]]
  branch = "master"
  digest = "1:999c8e6b10ddb08bc4ea3a56d4e838194c4884eac6ecf90a9aa98ed8475fdf37"
  name = "golang.org/x/sys"
  packages = ["unix"]
  pruneopts = "UT"
  revision = "f43be2a4598cf3a47be9f94f0c28197ed9eae611"

[solve-meta]
  analyzer-name = "dep"
  analyzer-version = 1
  input-imports = [
    "github.com/ben-han-cn/cement/shell",
    "github.com/ben-han-cn/cement/slice",
    "github.com/ben-han-cn/cement/stringtool",
    "github.com/ben-han-cn/cement/unittest",
    "github.com/ben-han-cn/g53",
    "github.com/insomniacslk/dhcp/dhcpv4",
    "github.com/insomniacslk/dhcp/dhcpv6",
    "github.com/segmentio/kafka-go",
    "github.com/sirupsen/logrus",
  ]
  solver-name = "gps-cdcl"
  solver-version = 1
